
Microsoft Visual Studio Solution File, Format Version 12.00
# Visual Studio Version 17
VisualStudioVersion = 17.11.35327.3
MinimumVisualStudioVersion = 10.0.40219.1
Project("{FAE04EC0-301F-11D3-BF4B-00C04F79EFBC}") = "AvoidGarbageProStar", "AvoidGarbageProStar\AvoidGarbageProStar.csproj", "{6A73BD0F-A1B8-4F76-8FE8-7F2178ECB57F}"
EndProject
Global
	GlobalSection(SolutionConfigurationPlatforms) = preSolution
		Debug|Any CPU = Debug|Any CPU
		Release|Any CPU = Release|Any CPU
	EndGlobalSection
	GlobalSection(ProjectConfigurationPlatforms) = postSolution
		{6A73BD0F-A1B8-4F76-8FE8-7F2178ECB57F}.Debug|Any CPU.ActiveCfg = Debug|Any CPU
		{6A73BD0F-A1B8-4F76-8FE8-7F2178ECB57F}.Debug|Any CPU.Build.0 = Debug|Any CPU
		{6A73BD0F-A1B8-4F76-8FE8-7F2178ECB57F}.Release|Any CPU.ActiveCfg = Release|Any CPU
		{6A73BD0F-A1B8-4F76-8FE8-7F2178ECB57F}.Release|Any CPU.Build.0 = Release|Any CPU
	EndGlobalSection
	GlobalSection(SolutionProperties) = preSolution
		HideSolutionNode = FALSE
	EndGlobalSection
	GlobalSection(ExtensibilityGlobals) = postSolution
		SolutionGuid = {9D7848A0-A266-4FEA-AC27-22C7824186A0}
	EndGlobalSection
EndGlobal
